// !$*UTF8*$!
{
	archiveVersion = 1;
	classes = {
	};
	objectVersion = 46;
	objects = {

/* Begin PBXBuildFile section */
		221613536FB773FB8F5FD23F /* Pods_InsFire.framework in Frameworks */ = {isa = PBXBuildFile; fileRef = D4DC4C99A80FC297457D5194 /* Pods_InsFire.framework */; };
		D34A67D71F05FF23002873EC /* GoogleService-Info.plist in Resources */ = {isa = PBXBuildFile; fileRef = D34A67D61F05FF23002873EC /* GoogleService-Info.plist */; };
		D39319921F07447E00DD4312 /* LogInController.swift in Sources */ = {isa = PBXBuildFile; fileRef = D39319911F07447E00DD4312 /* LogInController.swift */; };
		D3A122771F05FBD10086E01C /* AppDelegate.swift in Sources */ = {isa = PBXBuildFile; fileRef = D3A122761F05FBD10086E01C /* AppDelegate.swift */; };
		D3A122791F05FBD10086E01C /* SignUpController.swift in Sources */ = {isa = PBXBuildFile; fileRef = D3A122781F05FBD10086E01C /* SignUpController.swift */; };
		D3A1227C1F05FBD10086E01C /* Main.storyboard in Resources */ = {isa = PBXBuildFile; fileRef = D3A1227A1F05FBD10086E01C /* Main.storyboard */; };
		D3A1227E1F05FBD20086E01C /* Assets.xcassets in Resources */ = {isa = PBXBuildFile; fileRef = D3A1227D1F05FBD20086E01C /* Assets.xcassets */; };
		D3A122811F05FBD20086E01C /* LaunchScreen.storyboard in Resources */ = {isa = PBXBuildFile; fileRef = D3A1227F1F05FBD20086E01C /* LaunchScreen.storyboard */; };
		D3A1228A1F05FCA50086E01C /* Extension.swift in Sources */ = {isa = PBXBuildFile; fileRef = D3A122891F05FCA50086E01C /* Extension.swift */; };
		D3BFF74E1F065A1700752AEE /* MainTabBarController.swift in Sources */ = {isa = PBXBuildFile; fileRef = D3BFF74D1F065A1700752AEE /* MainTabBarController.swift */; };
		D3BFF7511F065AFB00752AEE /* UserProfileController.swift in Sources */ = {isa = PBXBuildFile; fileRef = D3BFF7501F065AFB00752AEE /* UserProfileController.swift */; };
		D3BFF7541F06632500752AEE /* UserProfileHeader.swift in Sources */ = {isa = PBXBuildFile; fileRef = D3BFF7531F06632500752AEE /* UserProfileHeader.swift */; };
/* End PBXBuildFile section */

/* Begin PBXFileReference section */
		1F536738837D0ED735569CC5 /* Pods-InsFire.release.xcconfig */ = {isa = PBXFileReference; includeInIndex = 1; lastKnownFileType = text.xcconfig; name = "Pods-InsFire.release.xcconfig"; path = "Pods/Target Support Files/Pods-InsFire/Pods-InsFire.release.xcconfig"; sourceTree = "<group>"; };
		2F22214EC73F6DD4D1B17DC9 /* Pods-InsFire.debug.xcconfig */ = {isa = PBXFileReference; includeInIndex = 1; lastKnownFileType = text.xcconfig; name = "Pods-InsFire.debug.xcconfig"; path = "Pods/Target Support Files/Pods-InsFire/Pods-InsFire.debug.xcconfig"; sourceTree = "<group>"; };
		D34A67D61F05FF23002873EC /* GoogleService-Info.plist */ = {isa = PBXFileReference; fileEncoding = 4; lastKnownFileType = text.plist.xml; name = "GoogleService-Info.plist"; path = "../../../Downloads/GoogleService-Info.plist"; sourceTree = "<group>"; };
		D39319911F07447E00DD4312 /* LogInController.swift */ = {isa = PBXFileReference; fileEncoding = 4; lastKnownFileType = sourcecode.swift; path = LogInController.swift; sourceTree = "<group>"; };
		D3A122731F05FBD10086E01C /* InsFire.app */ = {isa = PBXFileReference; explicitFileType = wrapper.application; includeInIndex = 0; path = InsFire.app; sourceTree = BUILT_PRODUCTS_DIR; };
		D3A122761F05FBD10086E01C /* AppDelegate.swift */ = {isa = PBXFileReference; lastKnownFileType = sourcecode.swift; path = AppDelegate.swift; sourceTree = "<group>"; };
		D3A122781F05FBD10086E01C /* SignUpController.swift */ = {isa = PBXFileReference; lastKnownFileType = sourcecode.swift; path = SignUpController.swift; sourceTree = "<group>"; };
		D3A1227B1F05FBD10086E01C /* Base */ = {isa = PBXFileReference; lastKnownFileType = file.storyboard; name = Base; path = Base.lproj/Main.storyboard; sourceTree = "<group>"; };
		D3A1227D1F05FBD20086E01C /* Assets.xcassets */ = {isa = PBXFileReference; lastKnownFileType = folder.assetcatalog; path = Assets.xcassets; sourceTree = "<group>"; };
		D3A122801F05FBD20086E01C /* Base */ = {isa = PBXFileReference; lastKnownFileType = file.storyboard; name = Base; path = Base.lproj/LaunchScreen.storyboard; sourceTree = "<group>"; };
		D3A122821F05FBD20086E01C /* Info.plist */ = {isa = PBXFileReference; lastKnownFileType = text.plist.xml; path = Info.plist; sourceTree = "<group>"; };
		D3A122891F05FCA50086E01C /* Extension.swift */ = {isa = PBXFileReference; fileEncoding = 4; lastKnownFileType = sourcecode.swift; path = Extension.swift; sourceTree = "<group>"; };
		D3BFF74D1F065A1700752AEE /* MainTabBarController.swift */ = {isa = PBXFileReference; fileEncoding = 4; lastKnownFileType = sourcecode.swift; path = MainTabBarController.swift; sourceTree = "<group>"; };
		D3BFF7501F065AFB00752AEE /* UserProfileController.swift */ = {isa = PBXFileReference; fileEncoding = 4; lastKnownFileType = sourcecode.swift; path = UserProfileController.swift; sourceTree = "<group>"; };
		D3BFF7531F06632500752AEE /* UserProfileHeader.swift */ = {isa = PBXFileReference; fileEncoding = 4; lastKnownFileType = sourcecode.swift; path = UserProfileHeader.swift; sourceTree = "<group>"; };
		D4DC4C99A80FC297457D5194 /* Pods_InsFire.framework */ = {isa = PBXFileReference; explicitFileType = wrapper.framework; includeInIndex = 0; path = Pods_InsFire.framework; sourceTree = BUILT_PRODUCTS_DIR; };
/* End PBXFileReference section */

/* Begin PBXFrameworksBuildPhase section */
		D3A122701F05FBD10086E01C /* Frameworks */ = {
			isa = PBXFrameworksBuildPhase;
			buildActionMask = 2147483647;
			files = (
				221613536FB773FB8F5FD23F /* Pods_InsFire.framework in Frameworks */,
			);
			runOnlyForDeploymentPostprocessing = 0;
		};
/* End PBXFrameworksBuildPhase section */

/* Begin PBXGroup section */
		0055E19AD54515FEC41F5006 /* Pods */ = {
			isa = PBXGroup;
			children = (
				2F22214EC73F6DD4D1B17DC9 /* Pods-InsFire.debug.xcconfig */,
				1F536738837D0ED735569CC5 /* Pods-InsFire.release.xcconfig */,
			);
			name = Pods;
			sourceTree = "<group>";
		};
		D393198E1F07445900DD4312 /* Login */ = {
			isa = PBXGroup;
			children = (
				D39319911F07447E00DD4312 /* LogInController.swift */,
				D3A122781F05FBD10086E01C /* SignUpController.swift */,
			);
			name = Login;
			sourceTree = "<group>";
		};
		D3A1226A1F05FBD10086E01C = {
			isa = PBXGroup;
			children = (
				D3A122751F05FBD10086E01C /* InsFire */,
				D3A122741F05FBD10086E01C /* Products */,
				0055E19AD54515FEC41F5006 /* Pods */,
				E15A575705A81E1818D9A4EA /* Frameworks */,
			);
			sourceTree = "<group>";
		};
		D3A122741F05FBD10086E01C /* Products */ = {
			isa = PBXGroup;
			children = (
				D3A122731F05FBD10086E01C /* InsFire.app */,
			);
			name = Products;
			sourceTree = "<group>";
		};
		D3A122751F05FBD10086E01C /* InsFire */ = {
			isa = PBXGroup;
			children = (
				D393198E1F07445900DD4312 /* Login */,
				D3BFF7521F06631300752AEE /* UserProfile */,
				D3A122881F05FC980086E01C /* Utilis */,
				D3A122761F05FBD10086E01C /* AppDelegate.swift */,
				D3BFF74D1F065A1700752AEE /* MainTabBarController.swift */,
				D3A1227A1F05FBD10086E01C /* Main.storyboard */,
				D3A1227D1F05FBD20086E01C /* Assets.xcassets */,
				D3A1227F1F05FBD20086E01C /* LaunchScreen.storyboard */,
				D34A67D61F05FF23002873EC /* GoogleService-Info.plist */,
				D3A122821F05FBD20086E01C /* Info.plist */,
			);
			path = InsFire;
			sourceTree = "<group>";
		};
		D3A122881F05FC980086E01C /* Utilis */ = {
			isa = PBXGroup;
			children = (
				D3A122891F05FCA50086E01C /* Extension.swift */,
			);
			name = Utilis;
			sourceTree = "<group>";
		};
		D3BFF7521F06631300752AEE /* UserProfile */ = {
			isa = PBXGroup;
			children = (
				D3BFF7501F065AFB00752AEE /* UserProfileController.swift */,
				D3BFF7531F06632500752AEE /* UserProfileHeader.swift */,
			);
			name = UserProfile;
			sourceTree = "<group>";
		};
		E15A575705A81E1818D9A4EA /* Frameworks */ = {
			isa = PBXGroup;
			children = (
				D4DC4C99A80FC297457D5194 /* Pods_InsFire.framework */,
			);
			name = Frameworks;
			sourceTree = "<group>";
		};
/* End PBXGroup section */

/* Begin PBXNativeTarget section */
		D3A122721F05FBD10086E01C /* InsFire */ = {
			isa = PBXNativeTarget;
			buildConfigurationList = D3A122851F05FBD20086E01C /* Build configuration list for PBXNativeTarget "InsFire" */;
			buildPhases = (
				8AD22CCB93016246BAC5A1F7 /* [CP] Check Pods Manifest.lock */,
				D3A1226F1F05FBD10086E01C /* Sources */,
				D3A122701F05FBD10086E01C /* Frameworks */,
				D3A122711F05FBD10086E01C /* Resources */,
				21548181299C6D89268556D5 /* [CP] Embed Pods Frameworks */,
				BF158CDDF3C613977DC630FC /* [CP] Copy Pods Resources */,
			);
			buildRules = (
			);
			dependencies = (
			);
			name = InsFire;
			productName = InsFire;
			productReference = D3A122731F05FBD10086E01C /* InsFire.app */;
			productType = "com.apple.product-type.application";
		};
/* End PBXNativeTarget section */

/* Begin PBXProject section */
		D3A1226B1F05FBD10086E01C /* Project object */ = {
			isa = PBXProject;
			attributes = {
				LastSwiftUpdateCheck = 0830;
				LastUpgradeCheck = 0830;
				ORGANIZATIONNAME = TG;
				TargetAttributes = {
					D3A122721F05FBD10086E01C = {
						CreatedOnToolsVersion = 8.3.3;
						DevelopmentTeam = P4H262LK5X;
						ProvisioningStyle = Automatic;
					};
				};
			};
			buildConfigurationList = D3A1226E1F05FBD10086E01C /* Build configuration list for PBXProject "InsFire" */;
			compatibilityVersion = "Xcode 3.2";
			developmentRegion = English;
			hasScannedForEncodings = 0;
			knownRegions = (
				en,
				Base,
			);
			mainGroup = D3A1226A1F05FBD10086E01C;
			productRefGroup = D3A122741F05FBD10086E01C /* Products */;
			projectDirPath = "";
			projectRoot = "";
			targets = (
				D3A122721F05FBD10086E01C /* InsFire */,
			);
		};
/* End PBXProject section */

/* Begin PBXResourcesBuildPhase section */
		D3A122711F05FBD10086E01C /* Resources */ = {
			isa = PBXResourcesBuildPhase;
			buildActionMask = 2147483647;
			files = (
				D3A122811F05FBD20086E01C /* LaunchScreen.storyboard in Resources */,
				D34A67D71F05FF23002873EC /* GoogleService-Info.plist in Resources */,
				D3A1227E1F05FBD20086E01C /* Assets.xcassets in Resources */,
				D3A1227C1F05FBD10086E01C /* Main.storyboard in Resources */,
			);
			runOnlyForDeploymentPostprocessing = 0;
		};
/* End PBXResourcesBuildPhase section */

/* Begin PBXShellScriptBuildPhase section */
		21548181299C6D89268556D5 /* [CP] Embed Pods Frameworks */ = {
			isa = PBXShellScriptBuildPhase;
			buildActionMask = 2147483647;
			files = (
			);
			inputPaths = (
			);
			name = "[CP] Embed Pods Frameworks";
			outputPaths = (
			);
			runOnlyForDeploymentPostprocessing = 0;
			shellPath = /bin/sh;
			shellScript = "\"${SRCROOT}/Pods/Target Support Files/Pods-InsFire/Pods-InsFire-frameworks.sh\"\n";
			showEnvVarsInLog = 0;
		};
		8AD22CCB93016246BAC5A1F7 /* [CP] Check Pods Manifest.lock */ = {
			isa = PBXShellScriptBuildPhase;
			buildActionMask = 2147483647;
			files = (
			);
			inputPaths = (
			);
			name = "[CP] Check Pods Manifest.lock";
			outputPaths = (
			);
			runOnlyForDeploymentPostprocessing = 0;
			shellPath = /bin/sh;
			shellScript = "diff \"${PODS_PODFILE_DIR_PATH}/Podfile.lock\" \"${PODS_ROOT}/Manifest.lock\" > /dev/null\nif [ $? != 0 ] ; then\n    # print error to STDERR\n    echo \"error: The sandbox is not in sync with the Podfile.lock. Run 'pod install' or update your CocoaPods installation.\" >&2\n    exit 1\nfi\n";
			showEnvVarsInLog = 0;
		};
		BF158CDDF3C613977DC630FC /* [CP] Copy Pods Resources */ = {
			isa = PBXShellScriptBuildPhase;
			buildActionMask = 2147483647;
			files = (
			);
			inputPaths = (
			);
			name = "[CP] Copy Pods Resources";
			outputPaths = (
			);
			runOnlyForDeploymentPostprocessing = 0;
			shellPath = /bin/sh;
			shellScript = "\"${SRCROOT}/Pods/Target Support Files/Pods-InsFire/Pods-InsFire-resources.sh\"\n";
			showEnvVarsInLog = 0;
		};
/* End PBXShellScriptBuildPhase section */

/* Begin PBXSourcesBuildPhase section */
		D3A1226F1F05FBD10086E01C /* Sources */ = {
			isa = PBXSourcesBuildPhase;
			buildActionMask = 2147483647;
			files = (
				D3A1228A1F05FCA50086E01C /* Extension.swift in Sources */,
				D3A122791F05FBD10086E01C /* SignUpController.swift in Sources */,
				D39319921F07447E00DD4312 /* LogInController.swift in Sources */,
				D3BFF74E1F065A1700752AEE /* MainTabBarController.swift in Sources */,
				D3BFF7541F06632500752AEE /* UserProfileHeader.swift in Sources */,
				D3BFF7511F065AFB00752AEE /* UserProfileController.swift in Sources */,
				D3A122771F05FBD10086E01C /* AppDelegate.swift in Sources */,
			);
			runOnlyForDeploymentPostprocessing = 0;
		};
/* End PBXSourcesBuildPhase section */

/* Begin PBXVariantGroup section */
		D3A1227A1F05FBD10086E01C /* Main.storyboard */ = {
			isa = PBXVariantGroup;
			children = (
				D3A1227B1F05FBD10086E01C /* Base */,
			);
			name = Main.storyboard;
			sourceTree = "<group>";
		};
		D3A1227F1F05FBD20086E01C /* LaunchScreen.storyboard */ = {
			isa = PBXVariantGroup;
			children = (
				D3A122801F05FBD20086E01C /* Base */,
			);
			name = LaunchScreen.storyboard;
			sourceTree = "<group>";
		};
/* End PBXVariantGroup section */

/* Begin XCBuildConfiguration section */
		D3A122831F05FBD20086E01C /* Debug */ = {
			isa = XCBuildConfiguration;
			buildSettings = {
				ALWAYS_SEARCH_USER_PATHS = NO;
				CLANG_ANALYZER_NONNULL = YES;
				CLANG_ANALYZER_NUMBER_OBJECT_CONVERSION = YES_AGGRESSIVE;
				CLANG_CXX_LANGUAGE_STANDARD = "gnu++0x";
				CLANG_CXX_LIBRARY = "libc++";
				CLANG_ENABLE_MODULES = YES;
				CLANG_ENABLE_OBJC_ARC = YES;
				CLANG_WARN_BOOL_CONVERSION = YES;
				CLANG_WARN_CONSTANT_CONVERSION = YES;
				CLANG_WARN_DIRECT_OBJC_ISA_USAGE = YES_ERROR;
				CLANG_WARN_DOCUMENTATION_COMMENTS = YES;
				CLANG_WARN_EMPTY_BODY = YES;
				CLANG_WARN_ENUM_CONVERSION = YES;
				CLANG_WARN_INFINITE_RECURSION = YES;
				CLANG_WARN_INT_CONVERSION = YES;
				CLANG_WARN_OBJC_ROOT_CLASS = YES_ERROR;
				CLANG_WARN_SUSPICIOUS_MOVE = YES;
				CLANG_WARN_UNREACHABLE_CODE = YES;
				CLANG_WARN__DUPLICATE_METHOD_MATCH = YES;
				"CODE_SIGN_IDENTITY[sdk=iphoneos*]" = "iPhone Developer";
				COPY_PHASE_STRIP = NO;
				DEBUG_INFORMATION_FORMAT = dwarf;
				ENABLE_STRICT_OBJC_MSGSEND = YES;
				ENABLE_TESTABILITY = YES;
				GCC_C_LANGUAGE_STANDARD = gnu99;
				GCC_DYNAMIC_NO_PIC = NO;
				GCC_NO_COMMON_BLOCKS = YES;
				GCC_OPTIMIZATION_LEVEL = 0;
				GCC_PREPROCESSOR_DEFINITIONS = (
					"DEBUG=1",
					"$(inherited)",
				);
				GCC_WARN_64_TO_32_BIT_CONVERSION = YES;
				GCC_WARN_ABOUT_RETURN_TYPE = YES_ERROR;
				GCC_WARN_UNDECLARED_SELECTOR = YES;
				GCC_WARN_UNINITIALIZED_AUTOS = YES_AGGRESSIVE;
				GCC_WARN_UNUSED_FUNCTION = YES;
				GCC_WARN_UNUSED_VARIABLE = YES;
				IPHONEOS_DEPLOYMENT_TARGET = 10.3;
				MTL_ENABLE_DEBUG_INFO = YES;
				ONLY_ACTIVE_ARCH = YES;
				SDKROOT = iphoneos;
				SWIFT_ACTIVE_COMPILATION_CONDITIONS = DEBUG;
				SWIFT_OPTIMIZATION_LEVEL = "-Onone";
				TARGETED_DEVICE_FAMILY = "1,2";
			};
			name = Debug;
		};
		D3A122841F05FBD20086E01C /* Release */ = {
			isa = XCBuildConfiguration;
			buildSettings = {
				ALWAYS_SEARCH_USER_PATHS = NO;
				CLANG_ANALYZER_NONNULL = YES;
				CLANG_ANALYZER_NUMBER_OBJECT_CONVERSION = YES_AGGRESSIVE;
				CLANG_CXX_LANGUAGE_STANDARD = "gnu++0x";
				CLANG_CXX_LIBRARY = "libc++";
				CLANG_ENABLE_MODULES = YES;
				CLANG_ENABLE_OBJC_ARC = YES;
				CLANG_WARN_BOOL_CONVERSION = YES;
				CLANG_WARN_CONSTANT_CONVERSION = YES;
				CLANG_WARN_DIRECT_OBJC_ISA_USAGE = YES_ERROR;
				CLANG_WARN_DOCUMENTATION_COMMENTS = YES;
				CLANG_WARN_EMPTY_BODY = YES;
				CLANG_WARN_ENUM_CONVERSION = YES;
				CLANG_WARN_INFINITE_RECURSION = YES;
				CLANG_WARN_INT_CONVERSION = YES;
				CLANG_WARN_OBJC_ROOT_CLASS = YES_ERROR;
				CLANG_WARN_SUSPICIOUS_MOVE = YES;
				CLANG_WARN_UNREACHABLE_CODE = YES;
				CLANG_WARN__DUPLICATE_METHOD_MATCH = YES;
				"CODE_SIGN_IDENTITY[sdk=iphoneos*]" = "iPhone Developer";
				COPY_PHASE_STRIP = NO;
				DEBUG_INFORMATION_FORMAT = "dwarf-with-dsym";
				ENABLE_NS_ASSERTIONS = NO;
				ENABLE_STRICT_OBJC_MSGSEND = YES;
				GCC_C_LANGUAGE_STANDARD = gnu99;
				GCC_NO_COMMON_BLOCKS = YES;
				GCC_WARN_64_TO_32_BIT_CONVERSION = YES;
				GCC_WARN_ABOUT_RETURN_TYPE = YES_ERROR;
				GCC_WARN_UNDECLARED_SELECTOR = YES;
				GCC_WARN_UNINITIALIZED_AUTOS = YES_AGGRESSIVE;
				GCC_WARN_UNUSED_FUNCTION = YES;
				GCC_WARN_UNUSED_VARIABLE = YES;
				IPHONEOS_DEPLOYMENT_TARGET = 10.3;
				MTL_ENABLE_DEBUG_INFO = NO;
				SDKROOT = iphoneos;
				SWIFT_OPTIMIZATION_LEVEL = "-Owholemodule";
				TARGETED_DEVICE_FAMILY = "1,2";
				VALIDATE_PRODUCT = YES;
			};
			name = Release;
		};
		D3A122861F05FBD20086E01C /* Debug */ = {
			isa = XCBuildConfiguration;
			baseConfigurationReference = 2F22214EC73F6DD4D1B17DC9 /* Pods-InsFire.debug.xcconfig */;
			buildSettings = {
				ASSETCATALOG_COMPILER_APPICON_NAME = AppIcon;
				DEVELOPMENT_TEAM = P4H262LK5X;
				INFOPLIST_FILE = InsFire/Info.plist;
				LD_RUNPATH_SEARCH_PATHS = "$(inherited) @executable_path/Frameworks";
				PRODUCT_BUNDLE_IDENTIFIER = com.TG.InsFire;
				PRODUCT_NAME = "$(TARGET_NAME)";
				SWIFT_VERSION = 3.0;
			};
			name = Debug;
		};
		D3A122871F05FBD20086E01C /* Release */ = {
			isa = XCBuildConfiguration;
			baseConfigurationReference = 1F536738837D0ED735569CC5 /* Pods-InsFire.release.xcconfig */;
			buildSettings = {
				ASSETCATALOG_COMPILER_APPICON_NAME = AppIcon;
				DEVELOPMENT_TEAM = P4H262LK5X;
				INFOPLIST_FILE = InsFire/Info.plist;
				LD_RUNPATH_SEARCH_PATHS = "$(inherited) @executable_path/Frameworks";
				PRODUCT_BUNDLE_IDENTIFIER = com.TG.InsFire;
				PRODUCT_NAME = "$(TARGET_NAME)";
				SWIFT_VERSION = 3.0;
			};
			name = Release;
		};
/* End XCBuildConfiguration section */

/* Begin XCConfigurationList section */
		D3A1226E1F05FBD10086E01C /* Build configuration list for PBXProject "InsFire" */ = {
			isa = XCConfigurationList;
			buildConfigurations = (
				D3A122831F05FBD20086E01C /* Debug */,
				D3A122841F05FBD20086E01C /* Release */,
			);
			defaultConfigurationIsVisible = 0;
			defaultConfigurationName = Release;
		};
		D3A122851F05FBD20086E01C /* Build configuration list for PBXNativeTarget "InsFire" */ = {
			isa = XCConfigurationList;
			buildConfigurations = (
				D3A122861F05FBD20086E01C /* Debug */,
				D3A122871F05FBD20086E01C /* Release */,
			);
			defaultConfigurationIsVisible = 0;
			defaultConfigurationName = Release;
		};
/* End XCConfigurationList section */
	};
	rootObject = D3A1226B1F05FBD10086E01C /* Project object */;
}
